
Microsoft Visual Studio Solution File, Format Version 12.00
# Visual Studio Version 17
VisualStudioVersion = 17.14.36414.22
MinimumVisualStudioVersion = 10.0.40219.1
Project("{FAE04EC0-301F-11D3-BF4B-00C04F79EFBC}") = "HelloWorld", "HelloWorld\HelloWorld.csproj", "{762CDB4F-E91D-49E7-86F4-C94136BC1816}"
EndProject
Project("{FAE04EC0-301F-11D3-BF4B-00C04F79EFBC}") = "DataTypes", "DataTypes\DataTypes.csproj", "{90BB0178-2C05-469A-82BE-9684D1E270E1}"
EndProject
Project("{FAE04EC0-301F-11D3-BF4B-00C04F79EFBC}") = "WriteApp", "WriteApp\WriteApp.csproj", "{BB705241-275C-46D4-8B2C-166C556253CB}"
EndProject
Project("{FAE04EC0-301F-11D3-BF4B-00C04F79EFBC}") = "ReadApp", "ReadApp\ReadApp.csproj", "{BE0CD566-0889-47CF-A36E-191353804E88}"
EndProject
Project("{FAE04EC0-301F-11D3-BF4B-00C04F79EFBC}") = "SafeReadApp", "SafeReadApp\SafeReadApp.csproj", "{55AEC5CF-AEAD-469D-9284-5AA7E69C0896}"
EndProject
Project("{FAE04EC0-301F-11D3-BF4B-00C04F79EFBC}") = "ExpressionsApp", "ExpressionsApp\ExpressionsApp.csproj", "{2960B68A-9F58-476C-AE37-DFE8491F02E0}"
EndProject
Project("{FAE04EC0-301F-11D3-BF4B-00C04F79EFBC}") = "EurosToDollars", "EurosToDollars\EurosToDollars.csproj", "{32763C0D-47E6-4F25-B5F9-EA8EEE3A1A28}"
EndProject
Project("{FAE04EC0-301F-11D3-BF4B-00C04F79EFBC}") = "GradesApp", "GradesApp\GradesApp.csproj", "{BF4E08A3-E6C9-4589-A305-CC1706BBD93D}"
EndProject
Project("{FAE04EC0-301F-11D3-BF4B-00C04F79EFBC}") = "TernaryApp", "TernaryApp\TernaryApp.csproj", "{074ACBA9-7218-4569-8AF7-5F7F42FFDC24}"
EndProject
Project("{FAE04EC0-301F-11D3-BF4B-00C04F79EFBC}") = "WhileApp", "WhileApp\WhileApp.csproj", "{572EE585-2C46-4C10-A949-8688563DEDFA}"
EndProject
Project("{FAE04EC0-301F-11D3-BF4B-00C04F79EFBC}") = "IgnoreNegativesApp", "IgnoreNegativesApp\IgnoreNegativesApp.csproj", "{30CD7B3C-B4EB-4D66-A99F-93E445275EB5}"
EndProject
Project("{FAE04EC0-301F-11D3-BF4B-00C04F79EFBC}") = "BigIntegerApp", "BigIntegerApp\BigIntegerApp.csproj", "{6E2C044C-837E-465A-AB06-CFDF9863DBC1}"
EndProject
Project("{FAE04EC0-301F-11D3-BF4B-00C04F79EFBC}") = "CharReadDoWhileApp", "CharReadDoWhileApp\CharReadDoWhileApp.csproj", "{41D59949-970B-4E78-8F30-3A8451D59622}"
EndProject
Project("{FAE04EC0-301F-11D3-BF4B-00C04F79EFBC}") = "ForApp", "ForApp\ForApp.csproj", "{FDA8FC75-4BD2-40FA-8A60-77C3E59F959C}"
EndProject
Project("{FAE04EC0-301F-11D3-BF4B-00C04F79EFBC}") = "EnchancedForApp", "EnchancedForApp\EnchancedForApp.csproj", "{DE5145DF-FB13-45AD-B6C6-F6D1E5DA2102}"
EndProject
Project("{FAE04EC0-301F-11D3-BF4B-00C04F79EFBC}") = "FormatExceptionApp", "FormatExceptionApp\FormatExceptionApp.csproj", "{7248258D-223C-44FF-BF7B-02EBE9E993DB}"
EndProject
Project("{FAE04EC0-301F-11D3-BF4B-00C04F79EFBC}") = "DigitsCountApp", "DigitsCountApp\DigitsCountApp.csproj", "{94D3A075-6588-417A-8972-121D0F15D1BD}"
EndProject
Project("{FAE04EC0-301F-11D3-BF4B-00C04F79EFBC}") = "SwapApp", "SwapApp\SwapApp.csproj", "{92D90064-0662-4E53-9A10-69459A31037A}"
EndProject
Project("{FAE04EC0-301F-11D3-BF4B-00C04F79EFBC}") = "ArraysApp", "ArraysApp\ArraysApp.csproj", "{07BA1A3D-E7C8-4F9D-9AB6-B098FE3B2E8C}"
EndProject
Project("{FAE04EC0-301F-11D3-BF4B-00C04F79EFBC}") = "ArrayMinApp", "ArrayMinApp\ArrayMinApp.csproj", "{4984B515-F5B4-49EC-9800-BD9384D90B8D}"
EndProject
Project("{FAE04EC0-301F-11D3-BF4B-00C04F79EFBC}") = "SelectionSortApp", "SelectionSortApp\SelectionSortApp.csproj", "{8D4B55D5-7DED-4EBC-8EFA-625A74FA88B8}"
EndProject
Project("{FAE04EC0-301F-11D3-BF4B-00C04F79EFBC}") = "PalindromeApp", "PalindromeApp\PalindromeApp.csproj", "{82BF92B2-7400-4B5E-B674-EAA36C67D2FE}"
EndProject
Project("{FAE04EC0-301F-11D3-BF4B-00C04F79EFBC}") = "ArrayUtilApp", "ArrayUtilApp\ArrayUtilApp.csproj", "{F3F7991E-EACC-49A8-B36E-64E9946B6760}"
EndProject
Project("{FAE04EC0-301F-11D3-BF4B-00C04F79EFBC}") = "TwoDimArrayApp", "TwoDimArrayApp\TwoDimArrayApp.csproj", "{74D6544D-1490-4A3D-AA80-B952002E1F43}"
EndProject
Project("{FAE04EC0-301F-11D3-BF4B-00C04F79EFBC}") = "StringApp", "StringApp\StringApp.csproj", "{5F6B605A-0F64-4911-8C2E-1D6DEF7DA8FB}"
EndProject
Project("{FAE04EC0-301F-11D3-BF4B-00C04F79EFBC}") = "StrEqualsAndCompare", "StrEqualsAndCompare\StrEqualsAndCompare.csproj", "{7F83D566-A74F-4C9E-84CA-FAA5C10214B8}"
EndProject
Project("{FAE04EC0-301F-11D3-BF4B-00C04F79EFBC}") = "StrHelperMethods", "StrHelperMethods\StrHelperMethods.csproj", "{2CDC0A89-EB25-4A24-B14A-2061F938D4A4}"
EndProject
Project("{FAE04EC0-301F-11D3-BF4B-00C04F79EFBC}") = "NullableStr", "NullableStr\NullableStr.csproj", "{92A86656-E9BC-48F5-B9A7-FC778A3DABDF}"
EndProject
Project("{FAE04EC0-301F-11D3-BF4B-00C04F79EFBC}") = "StrBuilderApp", "StrBuilderApp\StrBuilderApp.csproj", "{39417154-7847-4C3E-BB6E-1D6F854280C7}"
EndProject
Project("{FAE04EC0-301F-11D3-BF4B-00C04F79EFBC}") = "RegexApp", "RegexApp\RegexApp.csproj", "{8841621D-CE45-445F-A441-A389E444E354}"
EndProject
Project("{FAE04EC0-301F-11D3-BF4B-00C04F79EFBC}") = "MethodsApp", "MethodsApp\MethodsApp.csproj", "{1F49ADC0-46FA-43B1-B70B-243B73E53E9D}"
EndProject
Project("{FAE04EC0-301F-11D3-BF4B-00C04F79EFBC}") = "StudentApp", "StudentApp\StudentApp.csproj", "{9094627E-D09A-4FB2-BDD2-0CBC24A31906}"
EndProject
Project("{FAE04EC0-301F-11D3-BF4B-00C04F79EFBC}") = "PointApp", "PointApp\PointApp.csproj", "{A4CB7DA9-E6E5-440A-9979-DBB077C143E1}"
EndProject
Global
	GlobalSection(SolutionConfigurationPlatforms) = preSolution
		Debug|Any CPU = Debug|Any CPU
		Release|Any CPU = Release|Any CPU
	EndGlobalSection
	GlobalSection(ProjectConfigurationPlatforms) = postSolution
		{762CDB4F-E91D-49E7-86F4-C94136BC1816}.Debug|Any CPU.ActiveCfg = Debug|Any CPU
		{762CDB4F-E91D-49E7-86F4-C94136BC1816}.Debug|Any CPU.Build.0 = Debug|Any CPU
		{762CDB4F-E91D-49E7-86F4-C94136BC1816}.Release|Any CPU.ActiveCfg = Release|Any CPU
		{762CDB4F-E91D-49E7-86F4-C94136BC1816}.Release|Any CPU.Build.0 = Release|Any CPU
		{90BB0178-2C05-469A-82BE-9684D1E270E1}.Debug|Any CPU.ActiveCfg = Debug|Any CPU
		{90BB0178-2C05-469A-82BE-9684D1E270E1}.Debug|Any CPU.Build.0 = Debug|Any CPU
		{90BB0178-2C05-469A-82BE-9684D1E270E1}.Release|Any CPU.ActiveCfg = Release|Any CPU
		{90BB0178-2C05-469A-82BE-9684D1E270E1}.Release|Any CPU.Build.0 = Release|Any CPU
		{BB705241-275C-46D4-8B2C-166C556253CB}.Debug|Any CPU.ActiveCfg = Debug|Any CPU
		{BB705241-275C-46D4-8B2C-166C556253CB}.Debug|Any CPU.Build.0 = Debug|Any CPU
		{BB705241-275C-46D4-8B2C-166C556253CB}.Release|Any CPU.ActiveCfg = Release|Any CPU
		{BB705241-275C-46D4-8B2C-166C556253CB}.Release|Any CPU.Build.0 = Release|Any CPU
		{BE0CD566-0889-47CF-A36E-191353804E88}.Debug|Any CPU.ActiveCfg = Debug|Any CPU
		{BE0CD566-0889-47CF-A36E-191353804E88}.Debug|Any CPU.Build.0 = Debug|Any CPU
		{BE0CD566-0889-47CF-A36E-191353804E88}.Release|Any CPU.ActiveCfg = Release|Any CPU
		{BE0CD566-0889-47CF-A36E-191353804E88}.Release|Any CPU.Build.0 = Release|Any CPU
		{55AEC5CF-AEAD-469D-9284-5AA7E69C0896}.Debug|Any CPU.ActiveCfg = Debug|Any CPU
		{55AEC5CF-AEAD-469D-9284-5AA7E69C0896}.Debug|Any CPU.Build.0 = Debug|Any CPU
		{55AEC5CF-AEAD-469D-9284-5AA7E69C0896}.Release|Any CPU.ActiveCfg = Release|Any CPU
		{55AEC5CF-AEAD-469D-9284-5AA7E69C0896}.Release|Any CPU.Build.0 = Release|Any CPU
		{2960B68A-9F58-476C-AE37-DFE8491F02E0}.Debug|Any CPU.ActiveCfg = Debug|Any CPU
		{2960B68A-9F58-476C-AE37-DFE8491F02E0}.Debug|Any CPU.Build.0 = Debug|Any CPU
		{2960B68A-9F58-476C-AE37-DFE8491F02E0}.Release|Any CPU.ActiveCfg = Release|Any CPU
		{2960B68A-9F58-476C-AE37-DFE8491F02E0}.Release|Any CPU.Build.0 = Release|Any CPU
		{32763C0D-47E6-4F25-B5F9-EA8EEE3A1A28}.Debug|Any CPU.ActiveCfg = Debug|Any CPU
		{32763C0D-47E6-4F25-B5F9-EA8EEE3A1A28}.Debug|Any CPU.Build.0 = Debug|Any CPU
		{32763C0D-47E6-4F25-B5F9-EA8EEE3A1A28}.Release|Any CPU.ActiveCfg = Release|Any CPU
		{32763C0D-47E6-4F25-B5F9-EA8EEE3A1A28}.Release|Any CPU.Build.0 = Release|Any CPU
		{BF4E08A3-E6C9-4589-A305-CC1706BBD93D}.Debug|Any CPU.ActiveCfg = Debug|Any CPU
		{BF4E08A3-E6C9-4589-A305-CC1706BBD93D}.Debug|Any CPU.Build.0 = Debug|Any CPU
		{BF4E08A3-E6C9-4589-A305-CC1706BBD93D}.Release|Any CPU.ActiveCfg = Release|Any CPU
		{BF4E08A3-E6C9-4589-A305-CC1706BBD93D}.Release|Any CPU.Build.0 = Release|Any CPU
		{074ACBA9-7218-4569-8AF7-5F7F42FFDC24}.Debug|Any CPU.ActiveCfg = Debug|Any CPU
		{074ACBA9-7218-4569-8AF7-5F7F42FFDC24}.Debug|Any CPU.Build.0 = Debug|Any CPU
		{074ACBA9-7218-4569-8AF7-5F7F42FFDC24}.Release|Any CPU.ActiveCfg = Release|Any CPU
		{074ACBA9-7218-4569-8AF7-5F7F42FFDC24}.Release|Any CPU.Build.0 = Release|Any CPU
		{572EE585-2C46-4C10-A949-8688563DEDFA}.Debug|Any CPU.ActiveCfg = Debug|Any CPU
		{572EE585-2C46-4C10-A949-8688563DEDFA}.Debug|Any CPU.Build.0 = Debug|Any CPU
		{572EE585-2C46-4C10-A949-8688563DEDFA}.Release|Any CPU.ActiveCfg = Release|Any CPU
		{572EE585-2C46-4C10-A949-8688563DEDFA}.Release|Any CPU.Build.0 = Release|Any CPU
		{30CD7B3C-B4EB-4D66-A99F-93E445275EB5}.Debug|Any CPU.ActiveCfg = Debug|Any CPU
		{30CD7B3C-B4EB-4D66-A99F-93E445275EB5}.Debug|Any CPU.Build.0 = Debug|Any CPU
		{30CD7B3C-B4EB-4D66-A99F-93E445275EB5}.Release|Any CPU.ActiveCfg = Release|Any CPU
		{30CD7B3C-B4EB-4D66-A99F-93E445275EB5}.Release|Any CPU.Build.0 = Release|Any CPU
		{6E2C044C-837E-465A-AB06-CFDF9863DBC1}.Debug|Any CPU.ActiveCfg = Debug|Any CPU
		{6E2C044C-837E-465A-AB06-CFDF9863DBC1}.Debug|Any CPU.Build.0 = Debug|Any CPU
		{6E2C044C-837E-465A-AB06-CFDF9863DBC1}.Release|Any CPU.ActiveCfg = Release|Any CPU
		{6E2C044C-837E-465A-AB06-CFDF9863DBC1}.Release|Any CPU.Build.0 = Release|Any CPU
		{41D59949-970B-4E78-8F30-3A8451D59622}.Debug|Any CPU.ActiveCfg = Debug|Any CPU
		{41D59949-970B-4E78-8F30-3A8451D59622}.Debug|Any CPU.Build.0 = Debug|Any CPU
		{41D59949-970B-4E78-8F30-3A8451D59622}.Release|Any CPU.ActiveCfg = Release|Any CPU
		{41D59949-970B-4E78-8F30-3A8451D59622}.Release|Any CPU.Build.0 = Release|Any CPU
		{FDA8FC75-4BD2-40FA-8A60-77C3E59F959C}.Debug|Any CPU.ActiveCfg = Debug|Any CPU
		{FDA8FC75-4BD2-40FA-8A60-77C3E59F959C}.Debug|Any CPU.Build.0 = Debug|Any CPU
		{FDA8FC75-4BD2-40FA-8A60-77C3E59F959C}.Release|Any CPU.ActiveCfg = Release|Any CPU
		{FDA8FC75-4BD2-40FA-8A60-77C3E59F959C}.Release|Any CPU.Build.0 = Release|Any CPU
		{DE5145DF-FB13-45AD-B6C6-F6D1E5DA2102}.Debug|Any CPU.ActiveCfg = Debug|Any CPU
		{DE5145DF-FB13-45AD-B6C6-F6D1E5DA2102}.Debug|Any CPU.Build.0 = Debug|Any CPU
		{DE5145DF-FB13-45AD-B6C6-F6D1E5DA2102}.Release|Any CPU.ActiveCfg = Release|Any CPU
		{DE5145DF-FB13-45AD-B6C6-F6D1E5DA2102}.Release|Any CPU.Build.0 = Release|Any CPU
		{7248258D-223C-44FF-BF7B-02EBE9E993DB}.Debug|Any CPU.ActiveCfg = Debug|Any CPU
		{7248258D-223C-44FF-BF7B-02EBE9E993DB}.Debug|Any CPU.Build.0 = Debug|Any CPU
		{7248258D-223C-44FF-BF7B-02EBE9E993DB}.Release|Any CPU.ActiveCfg = Release|Any CPU
		{7248258D-223C-44FF-BF7B-02EBE9E993DB}.Release|Any CPU.Build.0 = Release|Any CPU
		{94D3A075-6588-417A-8972-121D0F15D1BD}.Debug|Any CPU.ActiveCfg = Debug|Any CPU
		{94D3A075-6588-417A-8972-121D0F15D1BD}.Debug|Any CPU.Build.0 = Debug|Any CPU
		{94D3A075-6588-417A-8972-121D0F15D1BD}.Release|Any CPU.ActiveCfg = Release|Any CPU
		{94D3A075-6588-417A-8972-121D0F15D1BD}.Release|Any CPU.Build.0 = Release|Any CPU
		{92D90064-0662-4E53-9A10-69459A31037A}.Debug|Any CPU.ActiveCfg = Debug|Any CPU
		{92D90064-0662-4E53-9A10-69459A31037A}.Debug|Any CPU.Build.0 = Debug|Any CPU
		{92D90064-0662-4E53-9A10-69459A31037A}.Release|Any CPU.ActiveCfg = Release|Any CPU
		{92D90064-0662-4E53-9A10-69459A31037A}.Release|Any CPU.Build.0 = Release|Any CPU
		{07BA1A3D-E7C8-4F9D-9AB6-B098FE3B2E8C}.Debug|Any CPU.ActiveCfg = Debug|Any CPU
		{07BA1A3D-E7C8-4F9D-9AB6-B098FE3B2E8C}.Debug|Any CPU.Build.0 = Debug|Any CPU
		{07BA1A3D-E7C8-4F9D-9AB6-B098FE3B2E8C}.Release|Any CPU.ActiveCfg = Release|Any CPU
		{07BA1A3D-E7C8-4F9D-9AB6-B098FE3B2E8C}.Release|Any CPU.Build.0 = Release|Any CPU
		{4984B515-F5B4-49EC-9800-BD9384D90B8D}.Debug|Any CPU.ActiveCfg = Debug|Any CPU
		{4984B515-F5B4-49EC-9800-BD9384D90B8D}.Debug|Any CPU.Build.0 = Debug|Any CPU
		{4984B515-F5B4-49EC-9800-BD9384D90B8D}.Release|Any CPU.ActiveCfg = Release|Any CPU
		{4984B515-F5B4-49EC-9800-BD9384D90B8D}.Release|Any CPU.Build.0 = Release|Any CPU
		{8D4B55D5-7DED-4EBC-8EFA-625A74FA88B8}.Debug|Any CPU.ActiveCfg = Debug|Any CPU
		{8D4B55D5-7DED-4EBC-8EFA-625A74FA88B8}.Debug|Any CPU.Build.0 = Debug|Any CPU
		{8D4B55D5-7DED-4EBC-8EFA-625A74FA88B8}.Release|Any CPU.ActiveCfg = Release|Any CPU
		{8D4B55D5-7DED-4EBC-8EFA-625A74FA88B8}.Release|Any CPU.Build.0 = Release|Any CPU
		{82BF92B2-7400-4B5E-B674-EAA36C67D2FE}.Debug|Any CPU.ActiveCfg = Debug|Any CPU
		{82BF92B2-7400-4B5E-B674-EAA36C67D2FE}.Debug|Any CPU.Build.0 = Debug|Any CPU
		{82BF92B2-7400-4B5E-B674-EAA36C67D2FE}.Release|Any CPU.ActiveCfg = Release|Any CPU
		{82BF92B2-7400-4B5E-B674-EAA36C67D2FE}.Release|Any CPU.Build.0 = Release|Any CPU
		{F3F7991E-EACC-49A8-B36E-64E9946B6760}.Debug|Any CPU.ActiveCfg = Debug|Any CPU
		{F3F7991E-EACC-49A8-B36E-64E9946B6760}.Debug|Any CPU.Build.0 = Debug|Any CPU
		{F3F7991E-EACC-49A8-B36E-64E9946B6760}.Release|Any CPU.ActiveCfg = Release|Any CPU
		{F3F7991E-EACC-49A8-B36E-64E9946B6760}.Release|Any CPU.Build.0 = Release|Any CPU
		{74D6544D-1490-4A3D-AA80-B952002E1F43}.Debug|Any CPU.ActiveCfg = Debug|Any CPU
		{74D6544D-1490-4A3D-AA80-B952002E1F43}.Debug|Any CPU.Build.0 = Debug|Any CPU
		{74D6544D-1490-4A3D-AA80-B952002E1F43}.Release|Any CPU.ActiveCfg = Release|Any CPU
		{74D6544D-1490-4A3D-AA80-B952002E1F43}.Release|Any CPU.Build.0 = Release|Any CPU
		{5F6B605A-0F64-4911-8C2E-1D6DEF7DA8FB}.Debug|Any CPU.ActiveCfg = Debug|Any CPU
		{5F6B605A-0F64-4911-8C2E-1D6DEF7DA8FB}.Debug|Any CPU.Build.0 = Debug|Any CPU
		{5F6B605A-0F64-4911-8C2E-1D6DEF7DA8FB}.Release|Any CPU.ActiveCfg = Release|Any CPU
		{5F6B605A-0F64-4911-8C2E-1D6DEF7DA8FB}.Release|Any CPU.Build.0 = Release|Any CPU
		{7F83D566-A74F-4C9E-84CA-FAA5C10214B8}.Debug|Any CPU.ActiveCfg = Debug|Any CPU
		{7F83D566-A74F-4C9E-84CA-FAA5C10214B8}.Debug|Any CPU.Build.0 = Debug|Any CPU
		{7F83D566-A74F-4C9E-84CA-FAA5C10214B8}.Release|Any CPU.ActiveCfg = Release|Any CPU
		{7F83D566-A74F-4C9E-84CA-FAA5C10214B8}.Release|Any CPU.Build.0 = Release|Any CPU
		{2CDC0A89-EB25-4A24-B14A-2061F938D4A4}.Debug|Any CPU.ActiveCfg = Debug|Any CPU
		{2CDC0A89-EB25-4A24-B14A-2061F938D4A4}.Debug|Any CPU.Build.0 = Debug|Any CPU
		{2CDC0A89-EB25-4A24-B14A-2061F938D4A4}.Release|Any CPU.ActiveCfg = Release|Any CPU
		{2CDC0A89-EB25-4A24-B14A-2061F938D4A4}.Release|Any CPU.Build.0 = Release|Any CPU
		{92A86656-E9BC-48F5-B9A7-FC778A3DABDF}.Debug|Any CPU.ActiveCfg = Debug|Any CPU
		{92A86656-E9BC-48F5-B9A7-FC778A3DABDF}.Debug|Any CPU.Build.0 = Debug|Any CPU
		{92A86656-E9BC-48F5-B9A7-FC778A3DABDF}.Release|Any CPU.ActiveCfg = Release|Any CPU
		{92A86656-E9BC-48F5-B9A7-FC778A3DABDF}.Release|Any CPU.Build.0 = Release|Any CPU
		{39417154-7847-4C3E-BB6E-1D6F854280C7}.Debug|Any CPU.ActiveCfg = Debug|Any CPU
		{39417154-7847-4C3E-BB6E-1D6F854280C7}.Debug|Any CPU.Build.0 = Debug|Any CPU
		{39417154-7847-4C3E-BB6E-1D6F854280C7}.Release|Any CPU.ActiveCfg = Release|Any CPU
		{39417154-7847-4C3E-BB6E-1D6F854280C7}.Release|Any CPU.Build.0 = Release|Any CPU
		{8841621D-CE45-445F-A441-A389E444E354}.Debug|Any CPU.ActiveCfg = Debug|Any CPU
		{8841621D-CE45-445F-A441-A389E444E354}.Debug|Any CPU.Build.0 = Debug|Any CPU
		{8841621D-CE45-445F-A441-A389E444E354}.Release|Any CPU.ActiveCfg = Release|Any CPU
		{8841621D-CE45-445F-A441-A389E444E354}.Release|Any CPU.Build.0 = Release|Any CPU
		{1F49ADC0-46FA-43B1-B70B-243B73E53E9D}.Debug|Any CPU.ActiveCfg = Debug|Any CPU
		{1F49ADC0-46FA-43B1-B70B-243B73E53E9D}.Debug|Any CPU.Build.0 = Debug|Any CPU
		{1F49ADC0-46FA-43B1-B70B-243B73E53E9D}.Release|Any CPU.ActiveCfg = Release|Any CPU
		{1F49ADC0-46FA-43B1-B70B-243B73E53E9D}.Release|Any CPU.Build.0 = Release|Any CPU
		{9094627E-D09A-4FB2-BDD2-0CBC24A31906}.Debug|Any CPU.ActiveCfg = Debug|Any CPU
		{9094627E-D09A-4FB2-BDD2-0CBC24A31906}.Debug|Any CPU.Build.0 = Debug|Any CPU
		{9094627E-D09A-4FB2-BDD2-0CBC24A31906}.Release|Any CPU.ActiveCfg = Release|Any CPU
		{9094627E-D09A-4FB2-BDD2-0CBC24A31906}.Release|Any CPU.Build.0 = Release|Any CPU
		{A4CB7DA9-E6E5-440A-9979-DBB077C143E1}.Debug|Any CPU.ActiveCfg = Debug|Any CPU
		{A4CB7DA9-E6E5-440A-9979-DBB077C143E1}.Debug|Any CPU.Build.0 = Debug|Any CPU
		{A4CB7DA9-E6E5-440A-9979-DBB077C143E1}.Release|Any CPU.ActiveCfg = Release|Any CPU
		{A4CB7DA9-E6E5-440A-9979-DBB077C143E1}.Release|Any CPU.Build.0 = Release|Any CPU
	EndGlobalSection
	GlobalSection(SolutionProperties) = preSolution
		HideSolutionNode = FALSE
	EndGlobalSection
	GlobalSection(ExtensibilityGlobals) = postSolution
		SolutionGuid = {E6FB6EBA-6BF5-4B6C-A529-98B21792774B}
	EndGlobalSection
EndGlobal
